
Microsoft Visual Studio Solution File, Format Version 12.00
# Visual Studio Version 17
VisualStudioVersion = 17.7.34031.279
MinimumVisualStudioVersion = 10.0.40219.1
Project("{888888A0-9F3D-457C-B088-3A5042F75D52}") = "WEB_labs", "WEB_labs\WEB_labs.pyproj", "{84640287-54B3-41D6-A8F3-49B6CB95D9C2}"
EndProject
Global
	GlobalSection(SolutionConfigurationPlatforms) = preSolution
		Debug|Any CPU = Debug|Any CPU
		Release|Any CPU = Release|Any CPU
	EndGlobalSection
	GlobalSection(ProjectConfigurationPlatforms) = postSolution
		{84640287-54B3-41D6-A8F3-49B6CB95D9C2}.Debug|Any CPU.ActiveCfg = Debug|Any CPU
		{84640287-54B3-41D6-A8F3-49B6CB95D9C2}.Debug|Any CPU.Build.0 = Debug|Any CPU
		{84640287-54B3-41D6-A8F3-49B6CB95D9C2}.Release|Any CPU.ActiveCfg = Release|Any CPU
		{84640287-54B3-41D6-A8F3-49B6CB95D9C2}.Release|Any CPU.Build.0 = Release|Any CPU
	EndGlobalSection
	GlobalSection(SolutionProperties) = preSolution
		HideSolutionNode = FALSE
	EndGlobalSection
	GlobalSection(ExtensibilityGlobals) = postSolution
		SolutionGuid = {51196013-F7C9-4942-8DBE-5414F930BF2B}
	EndGlobalSection
EndGlobal
